{
  "version": 4,
  "terraform_version": "1.9.6",
  "serial": 47,
  "lineage": "a04fbeb0-3bef-aa2b-516d-5a3e1d3b96e1",
  "outputs": {
    "public_ip_addresses": {
      "value": {
        "master": "13.94.57.18",
        "worker": "13.94.57.22"
      },
      "type": [
        "object",
        {
          "master": "string",
          "worker": "string"
        }
      ]
    },
    "resource_group_name": {
      "value": "devops_rg",
      "type": "string"
    },
    "vm_names": {
      "value": [
        "master",
        "worker"
      ],
      "type": [
        "tuple",
        [
          "string",
          "string"
        ]
      ]
    }
  },
  "resources": [
    {
      "mode": "managed",
      "type": "azurerm_linux_virtual_machine",
      "name": "vm",
      "provider": "provider[\"registry.terraform.io/hashicorp/azurerm\"]",
      "instances": [
        {
          "index_key": 0,
          "schema_version": 0,
          "attributes": {
            "additional_capabilities": [],
            "admin_password": "/Rc3P}Hmu)sF",
            "admin_ssh_key": [],
            "admin_username": "master",
            "allow_extension_operations": true,
            "availability_set_id": "",
            "boot_diagnostics": [],
            "bypass_platform_safety_checks_on_user_schedule_enabled": false,
            "capacity_reservation_group_id": "",
            "computer_name": "master",
            "custom_data": null,
            "dedicated_host_group_id": "",
            "dedicated_host_id": "",
            "disable_password_authentication": false,
            "disk_controller_type": "",
            "edge_zone": "",
            "encryption_at_host_enabled": false,
            "eviction_policy": "",
            "extensions_time_budget": "PT1H30M",
            "gallery_application": [],
            "id": "/subscriptions/ba85ac8f-51e0-413f-80a5-d6ab685dbd51/resourceGroups/devops_rg/providers/Microsoft.Compute/virtualMachines/master",
            "identity": [],
            "license_type": "",
            "location": "eastasia",
            "max_bid_price": -1,
            "name": "master",
            "network_interface_ids": [
              "/subscriptions/ba85ac8f-51e0-413f-80a5-d6ab685dbd51/resourceGroups/devops_rg/providers/Microsoft.Network/networkInterfaces/ubuntu-vm-nic-master"
            ],
            "os_disk": [
              {
                "caching": "ReadWrite",
                "diff_disk_settings": [],
                "disk_encryption_set_id": "",
                "disk_size_gb": 30,
                "name": "master_OsDisk_1_281f3f90d8194a809c28fef8fe6cb4cc",
                "secure_vm_disk_encryption_set_id": "",
                "security_encryption_type": "",
                "storage_account_type": "Standard_LRS",
                "write_accelerator_enabled": false
              }
            ],
            "os_image_notification": [],
            "patch_assessment_mode": "ImageDefault",
            "patch_mode": "ImageDefault",
            "plan": [],
            "platform_fault_domain": -1,
            "priority": "Regular",
            "private_ip_address": "10.0.1.5",
            "private_ip_addresses": [
              "10.0.1.5"
            ],
            "provision_vm_agent": true,
            "proximity_placement_group_id": "",
            "public_ip_address": "13.94.57.18",
            "public_ip_addresses": [
              "13.94.57.18"
            ],
            "reboot_setting": "",
            "resource_group_name": "devops_rg",
            "secret": [],
            "secure_boot_enabled": false,
            "size": "Standard_DS1_v2",
            "source_image_id": "",
            "source_image_reference": [
              {
                "offer": "0001-com-ubuntu-server-focal",
                "publisher": "Canonical",
                "sku": "20_04-lts",
                "version": "latest"
              }
            ],
            "tags": {},
            "termination_notification": [],
            "timeouts": null,
            "user_data": "",
            "virtual_machine_id": "f903fd52-e4fa-4c61-9e23-8d6888f0e875",
            "virtual_machine_scale_set_id": "",
            "vm_agent_platform_updates_enabled": false,
            "vtpm_enabled": false,
            "zone": ""
          },
          "sensitive_attributes": [
            [
              {
                "type": "get_attr",
                "value": "custom_data"
              }
            ],
            [
              {
                "type": "get_attr",
                "value": "admin_password"
              }
            ]
          ],
          "private": "eyJlMmJmYjczMC1lY2FhLTExZTYtOGY4OC0zNDM2M2JjN2M0YzAiOnsiY3JlYXRlIjoyNzAwMDAwMDAwMDAwLCJkZWxldGUiOjI3MDAwMDAwMDAwMDAsInJlYWQiOjMwMDAwMDAwMDAwMCwidXBkYXRlIjoyNzAwMDAwMDAwMDAwfX0=",
          "dependencies": [
            "azurerm_network_interface.network_interface",
            "azurerm_public_ip.public_ip",
            "azurerm_resource_group.resource_group",
            "azurerm_subnet.devops_subnet",
            "azurerm_virtual_network.devops_network"
          ]
        },
        {
          "index_key": 1,
          "schema_version": 0,
          "attributes": {
            "additional_capabilities": [],
            "admin_password": "/Rc3P}Hmu)sF",
            "admin_ssh_key": [],
            "admin_username": "worker",
            "allow_extension_operations": true,
            "availability_set_id": "",
            "boot_diagnostics": [],
            "bypass_platform_safety_checks_on_user_schedule_enabled": false,
            "capacity_reservation_group_id": "",
            "computer_name": "worker",
            "custom_data": null,
            "dedicated_host_group_id": "",
            "dedicated_host_id": "",
            "disable_password_authentication": false,
            "disk_controller_type": "",
            "edge_zone": "",
            "encryption_at_host_enabled": false,
            "eviction_policy": "",
            "extensions_time_budget": "PT1H30M",
            "gallery_application": [],
            "id": "/subscriptions/ba85ac8f-51e0-413f-80a5-d6ab685dbd51/resourceGroups/devops_rg/providers/Microsoft.Compute/virtualMachines/worker",
            "identity": [],
            "license_type": "",
            "location": "eastasia",
            "max_bid_price": -1,
            "name": "worker",
            "network_interface_ids": [
              "/subscriptions/ba85ac8f-51e0-413f-80a5-d6ab685dbd51/resourceGroups/devops_rg/providers/Microsoft.Network/networkInterfaces/ubuntu-vm-nic-worker"
            ],
            "os_disk": [
              {
                "caching": "ReadWrite",
                "diff_disk_settings": [],
                "disk_encryption_set_id": "",
                "disk_size_gb": 30,
                "name": "worker_OsDisk_1_5e684d6877624146a085fbe9ca2ce574",
                "secure_vm_disk_encryption_set_id": "",
                "security_encryption_type": "",
                "storage_account_type": "Standard_LRS",
                "write_accelerator_enabled": false
              }
            ],
            "os_image_notification": [],
            "patch_assessment_mode": "ImageDefault",
            "patch_mode": "ImageDefault",
            "plan": [],
            "platform_fault_domain": -1,
            "priority": "Regular",
            "private_ip_address": "10.0.1.4",
            "private_ip_addresses": [
              "10.0.1.4"
            ],
            "provision_vm_agent": true,
            "proximity_placement_group_id": "",
            "public_ip_address": "13.94.57.22",
            "public_ip_addresses": [
              "13.94.57.22"
            ],
            "reboot_setting": "",
            "resource_group_name": "devops_rg",
            "secret": [],
            "secure_boot_enabled": false,
            "size": "Standard_DS1_v2",
            "source_image_id": "",
            "source_image_reference": [
              {
                "offer": "0001-com-ubuntu-server-focal",
                "publisher": "Canonical",
                "sku": "20_04-lts",
                "version": "latest"
              }
            ],
            "tags": {},
            "termination_notification": [],
            "timeouts": null,
            "user_data": "",
            "virtual_machine_id": "07aec7f7-2920-4ac5-bca8-7477dd0c6e29",
            "virtual_machine_scale_set_id": "",
            "vm_agent_platform_updates_enabled": false,
            "vtpm_enabled": false,
            "zone": ""
          },
          "sensitive_attributes": [
            [
              {
                "type": "get_attr",
                "value": "custom_data"
              }
            ],
            [
              {
                "type": "get_attr",
                "value": "admin_password"
              }
            ]
          ],
          "private": "eyJlMmJmYjczMC1lY2FhLTExZTYtOGY4OC0zNDM2M2JjN2M0YzAiOnsiY3JlYXRlIjoyNzAwMDAwMDAwMDAwLCJkZWxldGUiOjI3MDAwMDAwMDAwMDAsInJlYWQiOjMwMDAwMDAwMDAwMCwidXBkYXRlIjoyNzAwMDAwMDAwMDAwfX0=",
          "dependencies": [
            "azurerm_network_interface.network_interface",
            "azurerm_public_ip.public_ip",
            "azurerm_resource_group.resource_group",
            "azurerm_subnet.devops_subnet",
            "azurerm_virtual_network.devops_network"
          ]
        }
      ]
    },
    {
      "mode": "managed",
      "type": "azurerm_network_interface",
      "name": "network_interface",
      "provider": "provider[\"registry.terraform.io/hashicorp/azurerm\"]",
      "instances": [
        {
          "index_key": 0,
          "schema_version": 0,
          "attributes": {
            "accelerated_networking_enabled": false,
            "applied_dns_servers": [],
            "auxiliary_mode": "",
            "auxiliary_sku": "",
            "dns_servers": [],
            "edge_zone": "",
            "id": "/subscriptions/ba85ac8f-51e0-413f-80a5-d6ab685dbd51/resourceGroups/devops_rg/providers/Microsoft.Network/networkInterfaces/ubuntu-vm-nic-master",
            "internal_dns_name_label": "",
            "internal_domain_name_suffix": "",
            "ip_configuration": [
              {
                "gateway_load_balancer_frontend_ip_configuration_id": "",
                "name": "internal",
                "primary": true,
                "private_ip_address": "10.0.1.5",
                "private_ip_address_allocation": "Dynamic",
                "private_ip_address_version": "IPv4",
                "public_ip_address_id": "/subscriptions/ba85ac8f-51e0-413f-80a5-d6ab685dbd51/resourceGroups/devops_rg/providers/Microsoft.Network/publicIPAddresses/ubuntu-vm-public_ip-master",
                "subnet_id": "/subscriptions/ba85ac8f-51e0-413f-80a5-d6ab685dbd51/resourceGroups/devops_rg/providers/Microsoft.Network/virtualNetworks/devops_network/subnets/devops_subnet"
              }
            ],
            "ip_forwarding_enabled": false,
            "location": "eastasia",
            "mac_address": "60-45-BD-56-74-7C",
            "name": "ubuntu-vm-nic-master",
            "private_ip_address": "10.0.1.5",
            "private_ip_addresses": [
              "10.0.1.5"
            ],
            "resource_group_name": "devops_rg",
            "tags": {
              "department": "IT",
              "environment": "Production"
            },
            "timeouts": null,
            "virtual_machine_id": "/subscriptions/ba85ac8f-51e0-413f-80a5-d6ab685dbd51/resourceGroups/devops_rg/providers/Microsoft.Compute/virtualMachines/master"
          },
          "sensitive_attributes": [],
          "private": "eyJlMmJmYjczMC1lY2FhLTExZTYtOGY4OC0zNDM2M2JjN2M0YzAiOnsiY3JlYXRlIjoxODAwMDAwMDAwMDAwLCJkZWxldGUiOjE4MDAwMDAwMDAwMDAsInJlYWQiOjMwMDAwMDAwMDAwMCwidXBkYXRlIjoxODAwMDAwMDAwMDAwfX0=",
          "dependencies": [
            "azurerm_public_ip.public_ip",
            "azurerm_resource_group.resource_group",
            "azurerm_subnet.devops_subnet",
            "azurerm_virtual_network.devops_network"
          ]
        },
        {
          "index_key": 1,
          "schema_version": 0,
          "attributes": {
            "accelerated_networking_enabled": false,
            "applied_dns_servers": [],
            "auxiliary_mode": "",
            "auxiliary_sku": "",
            "dns_servers": [],
            "edge_zone": "",
            "id": "/subscriptions/ba85ac8f-51e0-413f-80a5-d6ab685dbd51/resourceGroups/devops_rg/providers/Microsoft.Network/networkInterfaces/ubuntu-vm-nic-worker",
            "internal_dns_name_label": "",
            "internal_domain_name_suffix": "",
            "ip_configuration": [
              {
                "gateway_load_balancer_frontend_ip_configuration_id": "",
                "name": "internal",
                "primary": true,
                "private_ip_address": "10.0.1.4",
                "private_ip_address_allocation": "Dynamic",
                "private_ip_address_version": "IPv4",
                "public_ip_address_id": "/subscriptions/ba85ac8f-51e0-413f-80a5-d6ab685dbd51/resourceGroups/devops_rg/providers/Microsoft.Network/publicIPAddresses/ubuntu-vm-public_ip-worker",
                "subnet_id": "/subscriptions/ba85ac8f-51e0-413f-80a5-d6ab685dbd51/resourceGroups/devops_rg/providers/Microsoft.Network/virtualNetworks/devops_network/subnets/devops_subnet"
              }
            ],
            "ip_forwarding_enabled": false,
            "location": "eastasia",
            "mac_address": "00-0D-3A-80-B1-E2",
            "name": "ubuntu-vm-nic-worker",
            "private_ip_address": "10.0.1.4",
            "private_ip_addresses": [
              "10.0.1.4"
            ],
            "resource_group_name": "devops_rg",
            "tags": {
              "department": "IT",
              "environment": "Production"
            },
            "timeouts": null,
            "virtual_machine_id": "/subscriptions/ba85ac8f-51e0-413f-80a5-d6ab685dbd51/resourceGroups/devops_rg/providers/Microsoft.Compute/virtualMachines/worker"
          },
          "sensitive_attributes": [],
          "private": "eyJlMmJmYjczMC1lY2FhLTExZTYtOGY4OC0zNDM2M2JjN2M0YzAiOnsiY3JlYXRlIjoxODAwMDAwMDAwMDAwLCJkZWxldGUiOjE4MDAwMDAwMDAwMDAsInJlYWQiOjMwMDAwMDAwMDAwMCwidXBkYXRlIjoxODAwMDAwMDAwMDAwfX0=",
          "dependencies": [
            "azurerm_public_ip.public_ip",
            "azurerm_resource_group.resource_group",
            "azurerm_subnet.devops_subnet",
            "azurerm_virtual_network.devops_network"
          ]
        }
      ]
    },
    {
      "mode": "managed",
      "type": "azurerm_network_security_group",
      "name": "security_group",
      "provider": "provider[\"registry.terraform.io/hashicorp/azurerm\"]",
      "instances": [
        {
          "schema_version": 0,
          "attributes": {
            "id": "/subscriptions/ba85ac8f-51e0-413f-80a5-d6ab685dbd51/resourceGroups/devops_rg/providers/Microsoft.Network/networkSecurityGroups/security_group",
            "location": "eastasia",
            "name": "security_group",
            "resource_group_name": "devops_rg",
            "security_rule": [
              {
                "access": "Allow",
                "description": "",
                "destination_address_prefix": "*",
                "destination_address_prefixes": [],
                "destination_application_security_group_ids": [],
                "destination_port_range": "*",
                "destination_port_ranges": [],
                "direction": "Inbound",
                "name": "security_rule_inbound",
                "priority": 100,
                "protocol": "*",
                "source_address_prefix": "*",
                "source_address_prefixes": [],
                "source_application_security_group_ids": [],
                "source_port_range": "*",
                "source_port_ranges": []
              },
              {
                "access": "Allow",
                "description": "",
                "destination_address_prefix": "*",
                "destination_address_prefixes": [],
                "destination_application_security_group_ids": [],
                "destination_port_range": "*",
                "destination_port_ranges": [],
                "direction": "Outbound",
                "name": "security_rule_outbound",
                "priority": 100,
                "protocol": "*",
                "source_address_prefix": "*",
                "source_address_prefixes": [],
                "source_application_security_group_ids": [],
                "source_port_range": "*",
                "source_port_ranges": []
              }
            ],
            "tags": {
              "department": "IT",
              "environment": "Production"
            },
            "timeouts": null
          },
          "sensitive_attributes": [],
          "private": "eyJlMmJmYjczMC1lY2FhLTExZTYtOGY4OC0zNDM2M2JjN2M0YzAiOnsiY3JlYXRlIjoxODAwMDAwMDAwMDAwLCJkZWxldGUiOjE4MDAwMDAwMDAwMDAsInJlYWQiOjMwMDAwMDAwMDAwMCwidXBkYXRlIjoxODAwMDAwMDAwMDAwfX0=",
          "dependencies": [
            "azurerm_resource_group.resource_group"
          ]
        }
      ]
    },
    {
      "mode": "managed",
      "type": "azurerm_network_security_rule",
      "name": "security_rule_inbound",
      "provider": "provider[\"registry.terraform.io/hashicorp/azurerm\"]",
      "instances": [
        {
          "schema_version": 0,
          "attributes": {
            "access": "Allow",
            "description": "",
            "destination_address_prefix": "*",
            "destination_address_prefixes": [],
            "destination_application_security_group_ids": [],
            "destination_port_range": "*",
            "destination_port_ranges": [],
            "direction": "Inbound",
            "id": "/subscriptions/ba85ac8f-51e0-413f-80a5-d6ab685dbd51/resourceGroups/devops_rg/providers/Microsoft.Network/networkSecurityGroups/security_group/securityRules/security_rule_inbound",
            "name": "security_rule_inbound",
            "network_security_group_name": "security_group",
            "priority": 100,
            "protocol": "*",
            "resource_group_name": "devops_rg",
            "source_address_prefix": "*",
            "source_address_prefixes": [],
            "source_application_security_group_ids": [],
            "source_port_range": "*",
            "source_port_ranges": [],
            "timeouts": null
          },
          "sensitive_attributes": [],
          "private": "eyJlMmJmYjczMC1lY2FhLTExZTYtOGY4OC0zNDM2M2JjN2M0YzAiOnsiY3JlYXRlIjoxODAwMDAwMDAwMDAwLCJkZWxldGUiOjE4MDAwMDAwMDAwMDAsInJlYWQiOjMwMDAwMDAwMDAwMCwidXBkYXRlIjoxODAwMDAwMDAwMDAwfX0=",
          "dependencies": [
            "azurerm_network_security_group.security_group",
            "azurerm_resource_group.resource_group"
          ]
        }
      ]
    },
    {
      "mode": "managed",
      "type": "azurerm_network_security_rule",
      "name": "security_rule_outbound",
      "provider": "provider[\"registry.terraform.io/hashicorp/azurerm\"]",
      "instances": [
        {
          "schema_version": 0,
          "attributes": {
            "access": "Allow",
            "description": "",
            "destination_address_prefix": "*",
            "destination_address_prefixes": [],
            "destination_application_security_group_ids": [],
            "destination_port_range": "*",
            "destination_port_ranges": [],
            "direction": "Outbound",
            "id": "/subscriptions/ba85ac8f-51e0-413f-80a5-d6ab685dbd51/resourceGroups/devops_rg/providers/Microsoft.Network/networkSecurityGroups/security_group/securityRules/security_rule_outbound",
            "name": "security_rule_outbound",
            "network_security_group_name": "security_group",
            "priority": 100,
            "protocol": "*",
            "resource_group_name": "devops_rg",
            "source_address_prefix": "*",
            "source_address_prefixes": [],
            "source_application_security_group_ids": [],
            "source_port_range": "*",
            "source_port_ranges": [],
            "timeouts": null
          },
          "sensitive_attributes": [],
          "private": "eyJlMmJmYjczMC1lY2FhLTExZTYtOGY4OC0zNDM2M2JjN2M0YzAiOnsiY3JlYXRlIjoxODAwMDAwMDAwMDAwLCJkZWxldGUiOjE4MDAwMDAwMDAwMDAsInJlYWQiOjMwMDAwMDAwMDAwMCwidXBkYXRlIjoxODAwMDAwMDAwMDAwfX0=",
          "dependencies": [
            "azurerm_network_security_group.security_group",
            "azurerm_resource_group.resource_group"
          ]
        }
      ]
    },
    {
      "mode": "managed",
      "type": "azurerm_public_ip",
      "name": "public_ip",
      "provider": "provider[\"registry.terraform.io/hashicorp/azurerm\"]",
      "instances": [
        {
          "index_key": 0,
          "schema_version": 0,
          "attributes": {
            "allocation_method": "Static",
            "ddos_protection_mode": "VirtualNetworkInherited",
            "ddos_protection_plan_id": null,
            "domain_name_label": "master-mrtux",
            "edge_zone": "",
            "fqdn": "master-mrtux.eastasia.cloudapp.azure.com",
            "id": "/subscriptions/ba85ac8f-51e0-413f-80a5-d6ab685dbd51/resourceGroups/devops_rg/providers/Microsoft.Network/publicIPAddresses/ubuntu-vm-public_ip-master",
            "idle_timeout_in_minutes": 4,
            "ip_address": "13.94.57.18",
            "ip_tags": {},
            "ip_version": "IPv4",
            "location": "eastasia",
            "name": "ubuntu-vm-public_ip-master",
            "public_ip_prefix_id": null,
            "resource_group_name": "devops_rg",
            "reverse_fqdn": "",
            "sku": "Standard",
            "sku_tier": "Regional",
            "tags": {
              "department": "IT",
              "environment": "Production"
            },
            "timeouts": null,
            "zones": []
          },
          "sensitive_attributes": [],
          "private": "eyJlMmJmYjczMC1lY2FhLTExZTYtOGY4OC0zNDM2M2JjN2M0YzAiOnsiY3JlYXRlIjoxODAwMDAwMDAwMDAwLCJkZWxldGUiOjE4MDAwMDAwMDAwMDAsInJlYWQiOjMwMDAwMDAwMDAwMCwidXBkYXRlIjoxODAwMDAwMDAwMDAwfX0=",
          "dependencies": [
            "azurerm_resource_group.resource_group"
          ]
        },
        {
          "index_key": 1,
          "schema_version": 0,
          "attributes": {
            "allocation_method": "Static",
            "ddos_protection_mode": "VirtualNetworkInherited",
            "ddos_protection_plan_id": null,
            "domain_name_label": "worker-mrtux",
            "edge_zone": "",
            "fqdn": "worker-mrtux.eastasia.cloudapp.azure.com",
            "id": "/subscriptions/ba85ac8f-51e0-413f-80a5-d6ab685dbd51/resourceGroups/devops_rg/providers/Microsoft.Network/publicIPAddresses/ubuntu-vm-public_ip-worker",
            "idle_timeout_in_minutes": 4,
            "ip_address": "13.94.57.22",
            "ip_tags": {},
            "ip_version": "IPv4",
            "location": "eastasia",
            "name": "ubuntu-vm-public_ip-worker",
            "public_ip_prefix_id": null,
            "resource_group_name": "devops_rg",
            "reverse_fqdn": "",
            "sku": "Standard",
            "sku_tier": "Regional",
            "tags": {
              "department": "IT",
              "environment": "Production"
            },
            "timeouts": null,
            "zones": []
          },
          "sensitive_attributes": [],
          "private": "eyJlMmJmYjczMC1lY2FhLTExZTYtOGY4OC0zNDM2M2JjN2M0YzAiOnsiY3JlYXRlIjoxODAwMDAwMDAwMDAwLCJkZWxldGUiOjE4MDAwMDAwMDAwMDAsInJlYWQiOjMwMDAwMDAwMDAwMCwidXBkYXRlIjoxODAwMDAwMDAwMDAwfX0=",
          "dependencies": [
            "azurerm_resource_group.resource_group"
          ]
        }
      ]
    },
    {
      "mode": "managed",
      "type": "azurerm_resource_group",
      "name": "resource_group",
      "provider": "provider[\"registry.terraform.io/hashicorp/azurerm\"]",
      "instances": [
        {
          "schema_version": 0,
          "attributes": {
            "id": "/subscriptions/ba85ac8f-51e0-413f-80a5-d6ab685dbd51/resourceGroups/devops_rg",
            "location": "eastasia",
            "managed_by": "",
            "name": "devops_rg",
            "tags": {
              "department": "IT",
              "environment": "production"
            },
            "timeouts": null
          },
          "sensitive_attributes": [],
          "private": "eyJlMmJmYjczMC1lY2FhLTExZTYtOGY4OC0zNDM2M2JjN2M0YzAiOnsiY3JlYXRlIjo1NDAwMDAwMDAwMDAwLCJkZWxldGUiOjU0MDAwMDAwMDAwMDAsInJlYWQiOjMwMDAwMDAwMDAwMCwidXBkYXRlIjo1NDAwMDAwMDAwMDAwfX0="
        }
      ]
    },
    {
      "mode": "managed",
      "type": "azurerm_subnet",
      "name": "devops_subnet",
      "provider": "provider[\"registry.terraform.io/hashicorp/azurerm\"]",
      "instances": [
        {
          "schema_version": 0,
          "attributes": {
            "address_prefixes": [
              "10.0.1.0/24"
            ],
            "default_outbound_access_enabled": true,
            "delegation": [],
            "id": "/subscriptions/ba85ac8f-51e0-413f-80a5-d6ab685dbd51/resourceGroups/devops_rg/providers/Microsoft.Network/virtualNetworks/devops_network/subnets/devops_subnet",
            "name": "devops_subnet",
            "private_endpoint_network_policies": "Disabled",
            "private_link_service_network_policies_enabled": true,
            "resource_group_name": "devops_rg",
            "service_endpoint_policy_ids": [],
            "service_endpoints": [],
            "timeouts": null,
            "virtual_network_name": "devops_network"
          },
          "sensitive_attributes": [],
          "private": "eyJlMmJmYjczMC1lY2FhLTExZTYtOGY4OC0zNDM2M2JjN2M0YzAiOnsiY3JlYXRlIjoxODAwMDAwMDAwMDAwLCJkZWxldGUiOjE4MDAwMDAwMDAwMDAsInJlYWQiOjMwMDAwMDAwMDAwMCwidXBkYXRlIjoxODAwMDAwMDAwMDAwfX0=",
          "dependencies": [
            "azurerm_resource_group.resource_group",
            "azurerm_virtual_network.devops_network"
          ]
        }
      ]
    },
    {
      "mode": "managed",
      "type": "azurerm_subnet_network_security_group_association",
      "name": "security_group_association",
      "provider": "provider[\"registry.terraform.io/hashicorp/azurerm\"]",
      "instances": [
        {
          "schema_version": 0,
          "attributes": {
            "id": "/subscriptions/ba85ac8f-51e0-413f-80a5-d6ab685dbd51/resourceGroups/devops_rg/providers/Microsoft.Network/virtualNetworks/devops_network/subnets/devops_subnet",
            "network_security_group_id": "/subscriptions/ba85ac8f-51e0-413f-80a5-d6ab685dbd51/resourceGroups/devops_rg/providers/Microsoft.Network/networkSecurityGroups/security_group",
            "subnet_id": "/subscriptions/ba85ac8f-51e0-413f-80a5-d6ab685dbd51/resourceGroups/devops_rg/providers/Microsoft.Network/virtualNetworks/devops_network/subnets/devops_subnet",
            "timeouts": null
          },
          "sensitive_attributes": [],
          "private": "eyJlMmJmYjczMC1lY2FhLTExZTYtOGY4OC0zNDM2M2JjN2M0YzAiOnsiY3JlYXRlIjoxODAwMDAwMDAwMDAwLCJkZWxldGUiOjE4MDAwMDAwMDAwMDAsInJlYWQiOjMwMDAwMDAwMDAwMH19",
          "dependencies": [
            "azurerm_network_security_group.security_group",
            "azurerm_resource_group.resource_group",
            "azurerm_subnet.devops_subnet",
            "azurerm_virtual_network.devops_network"
          ]
        }
      ]
    },
    {
      "mode": "managed",
      "type": "azurerm_virtual_network",
      "name": "devops_network",
      "provider": "provider[\"registry.terraform.io/hashicorp/azurerm\"]",
      "instances": [
        {
          "schema_version": 0,
          "attributes": {
            "address_space": [
              "10.0.0.0/16"
            ],
            "bgp_community": "",
            "ddos_protection_plan": [],
            "dns_servers": [],
            "edge_zone": "",
            "encryption": [],
            "flow_timeout_in_minutes": 0,
            "guid": "68d7c60e-a7f1-44a6-aec7-571c44d5f49c",
            "id": "/subscriptions/ba85ac8f-51e0-413f-80a5-d6ab685dbd51/resourceGroups/devops_rg/providers/Microsoft.Network/virtualNetworks/devops_network",
            "location": "eastasia",
            "name": "devops_network",
            "resource_group_name": "devops_rg",
            "subnet": [
              {
                "address_prefixes": [
                  "10.0.1.0/24"
                ],
                "default_outbound_access_enabled": true,
                "delegation": [],
                "id": "/subscriptions/ba85ac8f-51e0-413f-80a5-d6ab685dbd51/resourceGroups/devops_rg/providers/Microsoft.Network/virtualNetworks/devops_network/subnets/devops_subnet",
                "name": "devops_subnet",
                "private_endpoint_network_policies": "Disabled",
                "private_link_service_network_policies_enabled": true,
                "route_table_id": "",
                "security_group": "/subscriptions/ba85ac8f-51e0-413f-80a5-d6ab685dbd51/resourceGroups/devops_rg/providers/Microsoft.Network/networkSecurityGroups/security_group",
                "service_endpoint_policy_ids": [],
                "service_endpoints": []
              }
            ],
            "tags": {
              "department": "IT",
              "environment": "production"
            },
            "timeouts": null
          },
          "sensitive_attributes": [],
          "private": "eyJlMmJmYjczMC1lY2FhLTExZTYtOGY4OC0zNDM2M2JjN2M0YzAiOnsiY3JlYXRlIjoxODAwMDAwMDAwMDAwLCJkZWxldGUiOjE4MDAwMDAwMDAwMDAsInJlYWQiOjMwMDAwMDAwMDAwMCwidXBkYXRlIjoxODAwMDAwMDAwMDAwfX0=",
          "dependencies": [
            "azurerm_resource_group.resource_group"
          ]
        }
      ]
    }
  ],
  "check_results": null
}
